
Microsoft Visual Studio Solution File, Format Version 12.00
# Visual Studio Version 17
VisualStudioVersion = 17.0.31912.275
MinimumVisualStudioVersion = 10.0.40219.1
Project("{9A19103F-16F7-4668-BE54-9A1E7A4F7556}") = "1", "day-one\1.csproj", "{D21D7679-9A4F-4543-A7A7-90060C820F04}"
EndProject
Project("{9A19103F-16F7-4668-BE54-9A1E7A4F7556}") = "2", "day-two\2.csproj", "{F1FD88AB-667A-4121-9C75-0C86DD41D8E9}"
EndProject
Project("{9A19103F-16F7-4668-BE54-9A1E7A4F7556}") = "3", "day-three\3.csproj", "{EC8BF84D-C543-4B14-9E06-EEB780750D73}"
EndProject
Project("{9A19103F-16F7-4668-BE54-9A1E7A4F7556}") = "4", "4\4.csproj", "{6C34EFE0-6A5B-4683-913E-5C3C16BB79D0}"
EndProject
Project("{9A19103F-16F7-4668-BE54-9A1E7A4F7556}") = "5", "5\5.csproj", "{8CCF6413-CF17-453F-8A5A-D234B9F70941}"
EndProject
Project("{FAE04EC0-301F-11D3-BF4B-00C04F79EFBC}") = "6", "6\6.csproj", "{B22BF426-BD6C-4F45-8DAA-8D37D15BFE62}"
EndProject
Global
	GlobalSection(SolutionConfigurationPlatforms) = preSolution
		Debug|Any CPU = Debug|Any CPU
		Release|Any CPU = Release|Any CPU
	EndGlobalSection
	GlobalSection(ProjectConfigurationPlatforms) = postSolution
		{D21D7679-9A4F-4543-A7A7-90060C820F04}.Debug|Any CPU.ActiveCfg = Debug|Any CPU
		{D21D7679-9A4F-4543-A7A7-90060C820F04}.Debug|Any CPU.Build.0 = Debug|Any CPU
		{D21D7679-9A4F-4543-A7A7-90060C820F04}.Release|Any CPU.ActiveCfg = Release|Any CPU
		{D21D7679-9A4F-4543-A7A7-90060C820F04}.Release|Any CPU.Build.0 = Release|Any CPU
		{F1FD88AB-667A-4121-9C75-0C86DD41D8E9}.Debug|Any CPU.ActiveCfg = Debug|Any CPU
		{F1FD88AB-667A-4121-9C75-0C86DD41D8E9}.Debug|Any CPU.Build.0 = Debug|Any CPU
		{F1FD88AB-667A-4121-9C75-0C86DD41D8E9}.Release|Any CPU.ActiveCfg = Release|Any CPU
		{F1FD88AB-667A-4121-9C75-0C86DD41D8E9}.Release|Any CPU.Build.0 = Release|Any CPU
		{EC8BF84D-C543-4B14-9E06-EEB780750D73}.Debug|Any CPU.ActiveCfg = Debug|Any CPU
		{EC8BF84D-C543-4B14-9E06-EEB780750D73}.Debug|Any CPU.Build.0 = Debug|Any CPU
		{EC8BF84D-C543-4B14-9E06-EEB780750D73}.Release|Any CPU.ActiveCfg = Release|Any CPU
		{EC8BF84D-C543-4B14-9E06-EEB780750D73}.Release|Any CPU.Build.0 = Release|Any CPU
		{6C34EFE0-6A5B-4683-913E-5C3C16BB79D0}.Debug|Any CPU.ActiveCfg = Debug|Any CPU
		{6C34EFE0-6A5B-4683-913E-5C3C16BB79D0}.Debug|Any CPU.Build.0 = Debug|Any CPU
		{6C34EFE0-6A5B-4683-913E-5C3C16BB79D0}.Release|Any CPU.ActiveCfg = Release|Any CPU
		{6C34EFE0-6A5B-4683-913E-5C3C16BB79D0}.Release|Any CPU.Build.0 = Release|Any CPU
		{8CCF6413-CF17-453F-8A5A-D234B9F70941}.Debug|Any CPU.ActiveCfg = Debug|Any CPU
		{8CCF6413-CF17-453F-8A5A-D234B9F70941}.Debug|Any CPU.Build.0 = Debug|Any CPU
		{8CCF6413-CF17-453F-8A5A-D234B9F70941}.Release|Any CPU.ActiveCfg = Release|Any CPU
		{8CCF6413-CF17-453F-8A5A-D234B9F70941}.Release|Any CPU.Build.0 = Release|Any CPU
		{B22BF426-BD6C-4F45-8DAA-8D37D15BFE62}.Debug|Any CPU.ActiveCfg = Debug|Any CPU
		{B22BF426-BD6C-4F45-8DAA-8D37D15BFE62}.Debug|Any CPU.Build.0 = Debug|Any CPU
		{B22BF426-BD6C-4F45-8DAA-8D37D15BFE62}.Release|Any CPU.ActiveCfg = Release|Any CPU
		{B22BF426-BD6C-4F45-8DAA-8D37D15BFE62}.Release|Any CPU.Build.0 = Release|Any CPU
	EndGlobalSection
	GlobalSection(SolutionProperties) = preSolution
		HideSolutionNode = FALSE
	EndGlobalSection
	GlobalSection(ExtensibilityGlobals) = postSolution
		SolutionGuid = {DEDCA713-F063-4FBE-BA02-3C4A408A251C}
	EndGlobalSection
EndGlobal
